
Microsoft Visual Studio Solution File, Format Version 12.00
# 
Project("{FAE04EC0-301F-11D3-BF4B-00C04F79EFBC}") = "Chess", "Chess\Chess.csproj", "{295FF418-FADD-41CA-86B2-91998BCB8CA1}"
EndProject
Project("{FAE04EC0-301F-11D3-BF4B-00C04F79EFBC}") = "Chess.Tests", "Chess.Tests\Chess.Tests.csproj", "{26764288-6CCF-4050-A0F3-6F1A8A326679}"
EndProject
Project("{FAE04EC0-301F-11D3-BF4B-00C04F79EFBC}") = "Gui", "Gui\Gui.csproj", "{77387224-F510-4F3D-8217-D58C20B72BE7}"
EndProject
Global
	GlobalSection(SolutionConfigurationPlatforms) = preSolution
		Debug|Any CPU = Debug|Any CPU
		Release|Any CPU = Release|Any CPU
	EndGlobalSection
	GlobalSection(ProjectConfigurationPlatforms) = postSolution
		{295FF418-FADD-41CA-86B2-91998BCB8CA1}.Debug|Any CPU.ActiveCfg = Debug|Any CPU
		{295FF418-FADD-41CA-86B2-91998BCB8CA1}.Debug|Any CPU.Build.0 = Debug|Any CPU
		{295FF418-FADD-41CA-86B2-91998BCB8CA1}.Release|Any CPU.ActiveCfg = Release|Any CPU
		{295FF418-FADD-41CA-86B2-91998BCB8CA1}.Release|Any CPU.Build.0 = Release|Any CPU
		{26764288-6CCF-4050-A0F3-6F1A8A326679}.Debug|Any CPU.ActiveCfg = Debug|Any CPU
		{26764288-6CCF-4050-A0F3-6F1A8A326679}.Debug|Any CPU.Build.0 = Debug|Any CPU
		{26764288-6CCF-4050-A0F3-6F1A8A326679}.Release|Any CPU.ActiveCfg = Release|Any CPU
		{26764288-6CCF-4050-A0F3-6F1A8A326679}.Release|Any CPU.Build.0 = Release|Any CPU
		{77387224-F510-4F3D-8217-D58C20B72BE7}.Debug|Any CPU.ActiveCfg = Debug|Any CPU
		{77387224-F510-4F3D-8217-D58C20B72BE7}.Debug|Any CPU.Build.0 = Debug|Any CPU
		{77387224-F510-4F3D-8217-D58C20B72BE7}.Release|Any CPU.ActiveCfg = Release|Any CPU
		{77387224-F510-4F3D-8217-D58C20B72BE7}.Release|Any CPU.Build.0 = Release|Any CPU
	EndGlobalSection
EndGlobal
